
Microsoft Visual Studio Solution File, Format Version 12.00
# Visual Studio Version 16
VisualStudioVersion = 16.0.29509.3
MinimumVisualStudioVersion = 10.0.40219.1
Project("{FAE04EC0-301F-11D3-BF4B-00C04F79EFBC}") = "Minedraft", "Minedraft.csproj", "{2B8E833A-8D75-44C5-A88A-9B4B9FE1C036}"
EndProject
Project("{FAE04EC0-301F-11D3-BF4B-00C04F79EFBC}") = "Minedraft.Tests", "..\Minedraft.Tests\Minedraft.Tests.csproj", "{26BED65D-EACE-416D-A16C-7E3EFDB23476}"
EndProject
Project("{FAE04EC0-301F-11D3-BF4B-00C04F79EFBC}") = "TestJudge", "..\TestJudge\TestJudge.csproj", "{305F383C-5D9C-443B-80F3-02C81F618449}"
EndProject
Global
	GlobalSection(SolutionConfigurationPlatforms) = preSolution
		Debug|Any CPU = Debug|Any CPU
		Release|Any CPU = Release|Any CPU
	EndGlobalSection
	GlobalSection(ProjectConfigurationPlatforms) = postSolution
		{2B8E833A-8D75-44C5-A88A-9B4B9FE1C036}.Debug|Any CPU.ActiveCfg = Debug|Any CPU
		{2B8E833A-8D75-44C5-A88A-9B4B9FE1C036}.Debug|Any CPU.Build.0 = Debug|Any CPU
		{2B8E833A-8D75-44C5-A88A-9B4B9FE1C036}.Release|Any CPU.ActiveCfg = Release|Any CPU
		{2B8E833A-8D75-44C5-A88A-9B4B9FE1C036}.Release|Any CPU.Build.0 = Release|Any CPU
		{26BED65D-EACE-416D-A16C-7E3EFDB23476}.Debug|Any CPU.ActiveCfg = Debug|Any CPU
		{26BED65D-EACE-416D-A16C-7E3EFDB23476}.Debug|Any CPU.Build.0 = Debug|Any CPU
		{26BED65D-EACE-416D-A16C-7E3EFDB23476}.Release|Any CPU.ActiveCfg = Release|Any CPU
		{26BED65D-EACE-416D-A16C-7E3EFDB23476}.Release|Any CPU.Build.0 = Release|Any CPU
		{305F383C-5D9C-443B-80F3-02C81F618449}.Debug|Any CPU.ActiveCfg = Debug|Any CPU
		{305F383C-5D9C-443B-80F3-02C81F618449}.Debug|Any CPU.Build.0 = Debug|Any CPU
		{305F383C-5D9C-443B-80F3-02C81F618449}.Release|Any CPU.ActiveCfg = Release|Any CPU
		{305F383C-5D9C-443B-80F3-02C81F618449}.Release|Any CPU.Build.0 = Release|Any CPU
	EndGlobalSection
	GlobalSection(SolutionProperties) = preSolution
		HideSolutionNode = FALSE
	EndGlobalSection
	GlobalSection(ExtensibilityGlobals) = postSolution
		SolutionGuid = {B1B0FE7A-CC77-4AD9-B9D0-10DADD829414}
	EndGlobalSection
EndGlobal
